
Microsoft Visual Studio Solution File, Format Version 12.00
# Visual Studio 2013
VisualStudioVersion = 12.0.21005.1
MinimumVisualStudioVersion = 10.0.40219.1
Project("{FAE04EC0-301F-11D3-BF4B-00C04F79EFBC}") = "BookShop", "BookShop\BookShop.csproj", "{D31A046F-B8D5-4013-8C46-EC6530237BB3}"
EndProject
Project("{FAE04EC0-301F-11D3-BF4B-00C04F79EFBC}") = "BookShop.Model", "BookShop.Model\BookShop.Model.csproj", "{49603E6E-837B-4AE5-AA25-A0A728A48701}"
EndProject
Project("{FAE04EC0-301F-11D3-BF4B-00C04F79EFBC}") = "BookShop.BLL", "BookShop.BLL\BookShop.BLL.csproj", "{D7A19375-3D31-40C2-985B-79C967411FFB}"
EndProject
Project("{FAE04EC0-301F-11D3-BF4B-00C04F79EFBC}") = "BookShop.DAL", "BookShop.DAL\BookShop.DAL.csproj", "{C2824202-48B7-482A-AA2B-2FC543BCCA03}"
EndProject
Global
	GlobalSection(SolutionConfigurationPlatforms) = preSolution
		Debug|Any CPU = Debug|Any CPU
		Release|Any CPU = Release|Any CPU
	EndGlobalSection
	GlobalSection(ProjectConfigurationPlatforms) = postSolution
		{D31A046F-B8D5-4013-8C46-EC6530237BB3}.Debug|Any CPU.ActiveCfg = Debug|Any CPU
		{D31A046F-B8D5-4013-8C46-EC6530237BB3}.Debug|Any CPU.Build.0 = Debug|Any CPU
		{D31A046F-B8D5-4013-8C46-EC6530237BB3}.Release|Any CPU.ActiveCfg = Release|Any CPU
		{D31A046F-B8D5-4013-8C46-EC6530237BB3}.Release|Any CPU.Build.0 = Release|Any CPU
		{49603E6E-837B-4AE5-AA25-A0A728A48701}.Debug|Any CPU.ActiveCfg = Debug|Any CPU
		{49603E6E-837B-4AE5-AA25-A0A728A48701}.Debug|Any CPU.Build.0 = Debug|Any CPU
		{49603E6E-837B-4AE5-AA25-A0A728A48701}.Release|Any CPU.ActiveCfg = Release|Any CPU
		{49603E6E-837B-4AE5-AA25-A0A728A48701}.Release|Any CPU.Build.0 = Release|Any CPU
		{D7A19375-3D31-40C2-985B-79C967411FFB}.Debug|Any CPU.ActiveCfg = Debug|Any CPU
		{D7A19375-3D31-40C2-985B-79C967411FFB}.Debug|Any CPU.Build.0 = Debug|Any CPU
		{D7A19375-3D31-40C2-985B-79C967411FFB}.Release|Any CPU.ActiveCfg = Release|Any CPU
		{D7A19375-3D31-40C2-985B-79C967411FFB}.Release|Any CPU.Build.0 = Release|Any CPU
		{C2824202-48B7-482A-AA2B-2FC543BCCA03}.Debug|Any CPU.ActiveCfg = Debug|Any CPU
		{C2824202-48B7-482A-AA2B-2FC543BCCA03}.Debug|Any CPU.Build.0 = Debug|Any CPU
		{C2824202-48B7-482A-AA2B-2FC543BCCA03}.Release|Any CPU.ActiveCfg = Release|Any CPU
		{C2824202-48B7-482A-AA2B-2FC543BCCA03}.Release|Any CPU.Build.0 = Release|Any CPU
	EndGlobalSection
	GlobalSection(SolutionProperties) = preSolution
		HideSolutionNode = FALSE
	EndGlobalSection
EndGlobal
